
Microsoft Visual Studio Solution File, Format Version 12.00
# Visual Studio Version 17
VisualStudioVersion = 17.4.33213.308
MinimumVisualStudioVersion = 10.0.40219.1
Project("{9A19103F-16F7-4668-BE54-9A1E7A4F7556}") = "01.GenericBoxOfString", "01.GenericBoxOfString\01.GenericBoxOfString.csproj", "{253D9796-4283-4B0B-A390-2BF3F519EA2E}"
EndProject
Project("{FAE04EC0-301F-11D3-BF4B-00C04F79EFBC}") = "02.GenericBoxOfInteger", "02.GenericBoxOfInteger\02.GenericBoxOfInteger.csproj", "{6E5EE98E-08CC-4C0D-9362-94AA87D362C1}"
EndProject
Project("{FAE04EC0-301F-11D3-BF4B-00C04F79EFBC}") = "03.GenericSwapMethodString", "03.GenericSwapMethodString\03.GenericSwapMethodString.csproj", "{AAF4B60E-3ABD-4B93-B2DB-E46036221E79}"
EndProject
Project("{FAE04EC0-301F-11D3-BF4B-00C04F79EFBC}") = "04.GenericSwapMethodInteger", "04.GenericSwapMethodInteger\04.GenericSwapMethodInteger.csproj", "{1CE5374F-7D54-4026-B1D3-CAC7D7E9DC0C}"
EndProject
Project("{FAE04EC0-301F-11D3-BF4B-00C04F79EFBC}") = "05.GenericCountMethodString", "05.GenericCountMethodString\05.GenericCountMethodString.csproj", "{9C638255-9450-4D35-B486-B397D2070680}"
EndProject
Project("{FAE04EC0-301F-11D3-BF4B-00C04F79EFBC}") = "06.GenericCountMethodDouble", "06.GenericCountMethodDouble\06.GenericCountMethodDouble.csproj", "{D84B1490-1304-4905-AFAB-814FA14E6B48}"
EndProject
Project("{FAE04EC0-301F-11D3-BF4B-00C04F79EFBC}") = "07.Tuple", "07.Tuple\07.Tuple.csproj", "{09C6540A-BAD7-4291-8326-60DE45AA82B5}"
EndProject
Project("{FAE04EC0-301F-11D3-BF4B-00C04F79EFBC}") = "test", "test\test.csproj", "{1076674D-E477-4898-A48C-8A58100824A9}"
EndProject
Project("{FAE04EC0-301F-11D3-BF4B-00C04F79EFBC}") = "08.Threeuple", "08.Threeuple\08.Threeuple.csproj", "{754FD2BA-7C06-4D8A-B89C-862657FC6537}"
EndProject
Project("{FAE04EC0-301F-11D3-BF4B-00C04F79EFBC}") = "09.CustomLinkedList", "09.CustomLinkedList\09.CustomLinkedList.csproj", "{4E16CD32-7D68-4C55-ABBF-872C5561B22C}"
EndProject
Global
	GlobalSection(SolutionConfigurationPlatforms) = preSolution
		Debug|Any CPU = Debug|Any CPU
		Release|Any CPU = Release|Any CPU
	EndGlobalSection
	GlobalSection(ProjectConfigurationPlatforms) = postSolution
		{253D9796-4283-4B0B-A390-2BF3F519EA2E}.Debug|Any CPU.ActiveCfg = Debug|Any CPU
		{253D9796-4283-4B0B-A390-2BF3F519EA2E}.Debug|Any CPU.Build.0 = Debug|Any CPU
		{253D9796-4283-4B0B-A390-2BF3F519EA2E}.Release|Any CPU.ActiveCfg = Release|Any CPU
		{253D9796-4283-4B0B-A390-2BF3F519EA2E}.Release|Any CPU.Build.0 = Release|Any CPU
		{6E5EE98E-08CC-4C0D-9362-94AA87D362C1}.Debug|Any CPU.ActiveCfg = Debug|Any CPU
		{6E5EE98E-08CC-4C0D-9362-94AA87D362C1}.Debug|Any CPU.Build.0 = Debug|Any CPU
		{6E5EE98E-08CC-4C0D-9362-94AA87D362C1}.Release|Any CPU.ActiveCfg = Release|Any CPU
		{6E5EE98E-08CC-4C0D-9362-94AA87D362C1}.Release|Any CPU.Build.0 = Release|Any CPU
		{AAF4B60E-3ABD-4B93-B2DB-E46036221E79}.Debug|Any CPU.ActiveCfg = Debug|Any CPU
		{AAF4B60E-3ABD-4B93-B2DB-E46036221E79}.Debug|Any CPU.Build.0 = Debug|Any CPU
		{AAF4B60E-3ABD-4B93-B2DB-E46036221E79}.Release|Any CPU.ActiveCfg = Release|Any CPU
		{AAF4B60E-3ABD-4B93-B2DB-E46036221E79}.Release|Any CPU.Build.0 = Release|Any CPU
		{1CE5374F-7D54-4026-B1D3-CAC7D7E9DC0C}.Debug|Any CPU.ActiveCfg = Debug|Any CPU
		{1CE5374F-7D54-4026-B1D3-CAC7D7E9DC0C}.Debug|Any CPU.Build.0 = Debug|Any CPU
		{1CE5374F-7D54-4026-B1D3-CAC7D7E9DC0C}.Release|Any CPU.ActiveCfg = Release|Any CPU
		{1CE5374F-7D54-4026-B1D3-CAC7D7E9DC0C}.Release|Any CPU.Build.0 = Release|Any CPU
		{9C638255-9450-4D35-B486-B397D2070680}.Debug|Any CPU.ActiveCfg = Debug|Any CPU
		{9C638255-9450-4D35-B486-B397D2070680}.Debug|Any CPU.Build.0 = Debug|Any CPU
		{9C638255-9450-4D35-B486-B397D2070680}.Release|Any CPU.ActiveCfg = Release|Any CPU
		{9C638255-9450-4D35-B486-B397D2070680}.Release|Any CPU.Build.0 = Release|Any CPU
		{D84B1490-1304-4905-AFAB-814FA14E6B48}.Debug|Any CPU.ActiveCfg = Debug|Any CPU
		{D84B1490-1304-4905-AFAB-814FA14E6B48}.Debug|Any CPU.Build.0 = Debug|Any CPU
		{D84B1490-1304-4905-AFAB-814FA14E6B48}.Release|Any CPU.ActiveCfg = Release|Any CPU
		{D84B1490-1304-4905-AFAB-814FA14E6B48}.Release|Any CPU.Build.0 = Release|Any CPU
		{09C6540A-BAD7-4291-8326-60DE45AA82B5}.Debug|Any CPU.ActiveCfg = Debug|Any CPU
		{09C6540A-BAD7-4291-8326-60DE45AA82B5}.Debug|Any CPU.Build.0 = Debug|Any CPU
		{09C6540A-BAD7-4291-8326-60DE45AA82B5}.Release|Any CPU.ActiveCfg = Release|Any CPU
		{09C6540A-BAD7-4291-8326-60DE45AA82B5}.Release|Any CPU.Build.0 = Release|Any CPU
		{1076674D-E477-4898-A48C-8A58100824A9}.Debug|Any CPU.ActiveCfg = Debug|Any CPU
		{1076674D-E477-4898-A48C-8A58100824A9}.Debug|Any CPU.Build.0 = Debug|Any CPU
		{1076674D-E477-4898-A48C-8A58100824A9}.Release|Any CPU.ActiveCfg = Release|Any CPU
		{1076674D-E477-4898-A48C-8A58100824A9}.Release|Any CPU.Build.0 = Release|Any CPU
		{754FD2BA-7C06-4D8A-B89C-862657FC6537}.Debug|Any CPU.ActiveCfg = Debug|Any CPU
		{754FD2BA-7C06-4D8A-B89C-862657FC6537}.Debug|Any CPU.Build.0 = Debug|Any CPU
		{754FD2BA-7C06-4D8A-B89C-862657FC6537}.Release|Any CPU.ActiveCfg = Release|Any CPU
		{754FD2BA-7C06-4D8A-B89C-862657FC6537}.Release|Any CPU.Build.0 = Release|Any CPU
		{4E16CD32-7D68-4C55-ABBF-872C5561B22C}.Debug|Any CPU.ActiveCfg = Debug|Any CPU
		{4E16CD32-7D68-4C55-ABBF-872C5561B22C}.Debug|Any CPU.Build.0 = Debug|Any CPU
		{4E16CD32-7D68-4C55-ABBF-872C5561B22C}.Release|Any CPU.ActiveCfg = Release|Any CPU
		{4E16CD32-7D68-4C55-ABBF-872C5561B22C}.Release|Any CPU.Build.0 = Release|Any CPU
	EndGlobalSection
	GlobalSection(SolutionProperties) = preSolution
		HideSolutionNode = FALSE
	EndGlobalSection
	GlobalSection(ExtensibilityGlobals) = postSolution
		SolutionGuid = {A6D1EEB2-27CE-4942-ADE0-C97E60178643}
	EndGlobalSection
EndGlobal
