
Microsoft Visual Studio Solution File, Format Version 12.00
# Visual Studio Version 17
VisualStudioVersion = 17.4.33213.308
MinimumVisualStudioVersion = 10.0.40219.1
Project("{9A19103F-16F7-4668-BE54-9A1E7A4F7556}") = "01.EnergyDrinks", "01.EnergyDrinks\01.EnergyDrinks.csproj", "{564BAE50-18E4-4E4E-945D-8B14A4F1D5AF}"
EndProject
Project("{9A19103F-16F7-4668-BE54-9A1E7A4F7556}") = "02.RallyRacing", "02.RallyRacing\02.RallyRacing.csproj", "{E56841BC-2BD3-412E-9A0D-A025D00E19BC}"
EndProject
Project("{9A19103F-16F7-4668-BE54-9A1E7A4F7556}") = "03.ComputerArchitecture", "03.ComputerArchitecture\03.ComputerArchitecture.csproj", "{177C03F0-4EE4-4BCC-96EE-8AD919D46016}"
EndProject
Project("{9A19103F-16F7-4668-BE54-9A1E7A4F7556}") = "01.ClimbThePeaks", "01.ClimbThePeaks\01.ClimbThePeaks.csproj", "{B58AF902-F344-4F5F-8D17-B7FEF81323A9}"
EndProject
Project("{9A19103F-16F7-4668-BE54-9A1E7A4F7556}") = "02.NavyBattle", "02.NavyBattle\02.NavyBattle.csproj", "{EEB46F92-1FA6-4A6B-B2FE-7D138EADBE0B}"
EndProject
Project("{9A19103F-16F7-4668-BE54-9A1E7A4F7556}") = "03.ShoeStore", "03.ShoeStore\03.ShoeStore.csproj", "{7DC91333-F1BF-48C9-BDE1-802FC39F723D}"
EndProject
Project("{9A19103F-16F7-4668-BE54-9A1E7A4F7556}") = "01.BaristaContest", "01.BaristaContest\01.BaristaContest.csproj", "{FD05A381-0893-4C8F-ABF2-199A71F5FE10}"
EndProject
Project("{9A19103F-16F7-4668-BE54-9A1E7A4F7556}") = "01.BaristaContest.net3.1", "01.BaristaContest.net3.1\01.BaristaContest.net3.1.csproj", "{B52DEF64-9F93-40F9-95C3-AD0133B8D1D3}"
EndProject
Project("{9A19103F-16F7-4668-BE54-9A1E7A4F7556}") = "02.Help-A-Mole", "02.Help-A-Mole\02.Help-A-Mole.csproj", "{2B57019B-4B3A-4B4E-A6CF-C4E5717EFACD}"
EndProject
Project("{FAE04EC0-301F-11D3-BF4B-00C04F79EFBC}") = "03.Basketball", "03.Basketball\03.Basketball.csproj", "{E9C2A491-AE90-47BD-96BE-5F2F052FA1F3}"
EndProject
Global
	GlobalSection(SolutionConfigurationPlatforms) = preSolution
		Debug|Any CPU = Debug|Any CPU
		Release|Any CPU = Release|Any CPU
	EndGlobalSection
	GlobalSection(ProjectConfigurationPlatforms) = postSolution
		{564BAE50-18E4-4E4E-945D-8B14A4F1D5AF}.Debug|Any CPU.ActiveCfg = Debug|Any CPU
		{564BAE50-18E4-4E4E-945D-8B14A4F1D5AF}.Debug|Any CPU.Build.0 = Debug|Any CPU
		{564BAE50-18E4-4E4E-945D-8B14A4F1D5AF}.Release|Any CPU.ActiveCfg = Release|Any CPU
		{564BAE50-18E4-4E4E-945D-8B14A4F1D5AF}.Release|Any CPU.Build.0 = Release|Any CPU
		{E56841BC-2BD3-412E-9A0D-A025D00E19BC}.Debug|Any CPU.ActiveCfg = Debug|Any CPU
		{E56841BC-2BD3-412E-9A0D-A025D00E19BC}.Debug|Any CPU.Build.0 = Debug|Any CPU
		{E56841BC-2BD3-412E-9A0D-A025D00E19BC}.Release|Any CPU.ActiveCfg = Release|Any CPU
		{E56841BC-2BD3-412E-9A0D-A025D00E19BC}.Release|Any CPU.Build.0 = Release|Any CPU
		{177C03F0-4EE4-4BCC-96EE-8AD919D46016}.Debug|Any CPU.ActiveCfg = Debug|Any CPU
		{177C03F0-4EE4-4BCC-96EE-8AD919D46016}.Debug|Any CPU.Build.0 = Debug|Any CPU
		{177C03F0-4EE4-4BCC-96EE-8AD919D46016}.Release|Any CPU.ActiveCfg = Release|Any CPU
		{177C03F0-4EE4-4BCC-96EE-8AD919D46016}.Release|Any CPU.Build.0 = Release|Any CPU
		{B58AF902-F344-4F5F-8D17-B7FEF81323A9}.Debug|Any CPU.ActiveCfg = Debug|Any CPU
		{B58AF902-F344-4F5F-8D17-B7FEF81323A9}.Debug|Any CPU.Build.0 = Debug|Any CPU
		{B58AF902-F344-4F5F-8D17-B7FEF81323A9}.Release|Any CPU.ActiveCfg = Release|Any CPU
		{B58AF902-F344-4F5F-8D17-B7FEF81323A9}.Release|Any CPU.Build.0 = Release|Any CPU
		{EEB46F92-1FA6-4A6B-B2FE-7D138EADBE0B}.Debug|Any CPU.ActiveCfg = Debug|Any CPU
		{EEB46F92-1FA6-4A6B-B2FE-7D138EADBE0B}.Debug|Any CPU.Build.0 = Debug|Any CPU
		{EEB46F92-1FA6-4A6B-B2FE-7D138EADBE0B}.Release|Any CPU.ActiveCfg = Release|Any CPU
		{EEB46F92-1FA6-4A6B-B2FE-7D138EADBE0B}.Release|Any CPU.Build.0 = Release|Any CPU
		{7DC91333-F1BF-48C9-BDE1-802FC39F723D}.Debug|Any CPU.ActiveCfg = Debug|Any CPU
		{7DC91333-F1BF-48C9-BDE1-802FC39F723D}.Debug|Any CPU.Build.0 = Debug|Any CPU
		{7DC91333-F1BF-48C9-BDE1-802FC39F723D}.Release|Any CPU.ActiveCfg = Release|Any CPU
		{7DC91333-F1BF-48C9-BDE1-802FC39F723D}.Release|Any CPU.Build.0 = Release|Any CPU
		{FD05A381-0893-4C8F-ABF2-199A71F5FE10}.Debug|Any CPU.ActiveCfg = Debug|Any CPU
		{FD05A381-0893-4C8F-ABF2-199A71F5FE10}.Debug|Any CPU.Build.0 = Debug|Any CPU
		{FD05A381-0893-4C8F-ABF2-199A71F5FE10}.Release|Any CPU.ActiveCfg = Release|Any CPU
		{FD05A381-0893-4C8F-ABF2-199A71F5FE10}.Release|Any CPU.Build.0 = Release|Any CPU
		{B52DEF64-9F93-40F9-95C3-AD0133B8D1D3}.Debug|Any CPU.ActiveCfg = Debug|Any CPU
		{B52DEF64-9F93-40F9-95C3-AD0133B8D1D3}.Debug|Any CPU.Build.0 = Debug|Any CPU
		{B52DEF64-9F93-40F9-95C3-AD0133B8D1D3}.Release|Any CPU.ActiveCfg = Release|Any CPU
		{B52DEF64-9F93-40F9-95C3-AD0133B8D1D3}.Release|Any CPU.Build.0 = Release|Any CPU
		{2B57019B-4B3A-4B4E-A6CF-C4E5717EFACD}.Debug|Any CPU.ActiveCfg = Debug|Any CPU
		{2B57019B-4B3A-4B4E-A6CF-C4E5717EFACD}.Debug|Any CPU.Build.0 = Debug|Any CPU
		{2B57019B-4B3A-4B4E-A6CF-C4E5717EFACD}.Release|Any CPU.ActiveCfg = Release|Any CPU
		{2B57019B-4B3A-4B4E-A6CF-C4E5717EFACD}.Release|Any CPU.Build.0 = Release|Any CPU
		{E9C2A491-AE90-47BD-96BE-5F2F052FA1F3}.Debug|Any CPU.ActiveCfg = Debug|Any CPU
		{E9C2A491-AE90-47BD-96BE-5F2F052FA1F3}.Debug|Any CPU.Build.0 = Debug|Any CPU
		{E9C2A491-AE90-47BD-96BE-5F2F052FA1F3}.Release|Any CPU.ActiveCfg = Release|Any CPU
		{E9C2A491-AE90-47BD-96BE-5F2F052FA1F3}.Release|Any CPU.Build.0 = Release|Any CPU
	EndGlobalSection
	GlobalSection(SolutionProperties) = preSolution
		HideSolutionNode = FALSE
	EndGlobalSection
	GlobalSection(ExtensibilityGlobals) = postSolution
		SolutionGuid = {A2FFE39A-88AD-468C-9530-FDB8AC9FA033}
	EndGlobalSection
EndGlobal
