
Microsoft Visual Studio Solution File, Format Version 12.00
# Visual Studio Version 17
VisualStudioVersion = 17.4.33213.308
MinimumVisualStudioVersion = 10.0.40219.1
Project("{FAE04EC0-301F-11D3-BF4B-00C04F79EFBC}") = "01.RecursiveArraySum", "01.RecursiveArraySum\01.RecursiveArraySum.csproj", "{F83E0428-487A-476C-8469-AF7056AF5E61}"
EndProject
Project("{FAE04EC0-301F-11D3-BF4B-00C04F79EFBC}") = "02.RecursiveFactorial", "RecursiveFactorial\02.RecursiveFactorial.csproj", "{0B82A3DC-AFB7-4E9A-AD51-B113EFC060D0}"
EndProject
Project("{FAE04EC0-301F-11D3-BF4B-00C04F79EFBC}") = "RecursiveSteps", "RecursiveSteps\RecursiveSteps.csproj", "{4A40057C-1346-4F31-A73A-EFBB091C3C27}"
EndProject
Project("{FAE04EC0-301F-11D3-BF4B-00C04F79EFBC}") = "RecursionAnalisys", "RecursionAnalisys\RecursionAnalisys.csproj", "{4ECC535F-C563-429E-A29E-A6E9DCF3DBDD}"
EndProject
Project("{FAE04EC0-301F-11D3-BF4B-00C04F79EFBC}") = "03.SumOfCoins", "03.SumOfCoins\03.SumOfCoins.csproj", "{5C85E140-6DD3-4244-8E91-4C75795B0BA6}"
EndProject
Global
	GlobalSection(SolutionConfigurationPlatforms) = preSolution
		Debug|Any CPU = Debug|Any CPU
		Release|Any CPU = Release|Any CPU
	EndGlobalSection
	GlobalSection(ProjectConfigurationPlatforms) = postSolution
		{F83E0428-487A-476C-8469-AF7056AF5E61}.Debug|Any CPU.ActiveCfg = Debug|Any CPU
		{F83E0428-487A-476C-8469-AF7056AF5E61}.Debug|Any CPU.Build.0 = Debug|Any CPU
		{F83E0428-487A-476C-8469-AF7056AF5E61}.Release|Any CPU.ActiveCfg = Release|Any CPU
		{F83E0428-487A-476C-8469-AF7056AF5E61}.Release|Any CPU.Build.0 = Release|Any CPU
		{0B82A3DC-AFB7-4E9A-AD51-B113EFC060D0}.Debug|Any CPU.ActiveCfg = Debug|Any CPU
		{0B82A3DC-AFB7-4E9A-AD51-B113EFC060D0}.Debug|Any CPU.Build.0 = Debug|Any CPU
		{0B82A3DC-AFB7-4E9A-AD51-B113EFC060D0}.Release|Any CPU.ActiveCfg = Release|Any CPU
		{0B82A3DC-AFB7-4E9A-AD51-B113EFC060D0}.Release|Any CPU.Build.0 = Release|Any CPU
		{4A40057C-1346-4F31-A73A-EFBB091C3C27}.Debug|Any CPU.ActiveCfg = Debug|Any CPU
		{4A40057C-1346-4F31-A73A-EFBB091C3C27}.Debug|Any CPU.Build.0 = Debug|Any CPU
		{4A40057C-1346-4F31-A73A-EFBB091C3C27}.Release|Any CPU.ActiveCfg = Release|Any CPU
		{4A40057C-1346-4F31-A73A-EFBB091C3C27}.Release|Any CPU.Build.0 = Release|Any CPU
		{4ECC535F-C563-429E-A29E-A6E9DCF3DBDD}.Debug|Any CPU.ActiveCfg = Debug|Any CPU
		{4ECC535F-C563-429E-A29E-A6E9DCF3DBDD}.Debug|Any CPU.Build.0 = Debug|Any CPU
		{4ECC535F-C563-429E-A29E-A6E9DCF3DBDD}.Release|Any CPU.ActiveCfg = Release|Any CPU
		{4ECC535F-C563-429E-A29E-A6E9DCF3DBDD}.Release|Any CPU.Build.0 = Release|Any CPU
		{5C85E140-6DD3-4244-8E91-4C75795B0BA6}.Debug|Any CPU.ActiveCfg = Debug|Any CPU
		{5C85E140-6DD3-4244-8E91-4C75795B0BA6}.Debug|Any CPU.Build.0 = Debug|Any CPU
		{5C85E140-6DD3-4244-8E91-4C75795B0BA6}.Release|Any CPU.ActiveCfg = Release|Any CPU
		{5C85E140-6DD3-4244-8E91-4C75795B0BA6}.Release|Any CPU.Build.0 = Release|Any CPU
	EndGlobalSection
	GlobalSection(SolutionProperties) = preSolution
		HideSolutionNode = FALSE
	EndGlobalSection
	GlobalSection(ExtensibilityGlobals) = postSolution
		SolutionGuid = {2C43E79A-CDAE-46C9-A743-FC1AACD6FAF3}
	EndGlobalSection
EndGlobal
